
Microsoft Visual Studio Solution File, Format Version 12.00
# Visual Studio Version 17
VisualStudioVersion = 17.4.33205.214
MinimumVisualStudioVersion = 10.0.40219.1
Project("{FAE04EC0-301F-11D3-BF4B-00C04F79EFBC}") = "School Management System", "School Management System\School Management System.csproj", "{5CE42C3F-FB8F-4CA3-8908-D07C2A763218}"
EndProject
Global
	GlobalSection(SolutionConfigurationPlatforms) = preSolution
		Debug|Any CPU = Debug|Any CPU
		Release|Any CPU = Release|Any CPU
	EndGlobalSection
	GlobalSection(ProjectConfigurationPlatforms) = postSolution
		{5CE42C3F-FB8F-4CA3-8908-D07C2A763218}.Debug|Any CPU.ActiveCfg = Debug|Any CPU
		{5CE42C3F-FB8F-4CA3-8908-D07C2A763218}.Debug|Any CPU.Build.0 = Debug|Any CPU
		{5CE42C3F-FB8F-4CA3-8908-D07C2A763218}.Release|Any CPU.ActiveCfg = Release|Any CPU
		{5CE42C3F-FB8F-4CA3-8908-D07C2A763218}.Release|Any CPU.Build.0 = Release|Any CPU
	EndGlobalSection
	GlobalSection(SolutionProperties) = preSolution
		HideSolutionNode = FALSE
	EndGlobalSection
	GlobalSection(ExtensibilityGlobals) = postSolution
		SolutionGuid = {3ABDD710-1C04-4238-A1DF-CA865BDC88F7}
	EndGlobalSection
EndGlobal
